
Microsoft Visual Studio Solution File, Format Version 12.00
# Visual Studio 15
VisualStudioVersion = 15.0.27703.2035
MinimumVisualStudioVersion = 10.0.40219.1
Project("{FAE04EC0-301F-11D3-BF4B-00C04F79EFBC}") = "WordpressTests", "WordpressTests\WordpressTests.csproj", "{8E4B7C5A-6DBC-4DBE-A956-2AA7369822EA}"
EndProject
Project("{FAE04EC0-301F-11D3-BF4B-00C04F79EFBC}") = "WordpressAutomation", "WordpressAutomation\WordpressAutomation.csproj", "{78244115-1F2E-47A4-8AFF-7DF381A57DB8}"
EndProject
Global
	GlobalSection(SolutionConfigurationPlatforms) = preSolution
		Debug|Any CPU = Debug|Any CPU
		Release|Any CPU = Release|Any CPU
	EndGlobalSection
	GlobalSection(ProjectConfigurationPlatforms) = postSolution
		{8E4B7C5A-6DBC-4DBE-A956-2AA7369822EA}.Debug|Any CPU.ActiveCfg = Debug|Any CPU
		{8E4B7C5A-6DBC-4DBE-A956-2AA7369822EA}.Debug|Any CPU.Build.0 = Debug|Any CPU
		{8E4B7C5A-6DBC-4DBE-A956-2AA7369822EA}.Release|Any CPU.ActiveCfg = Release|Any CPU
		{8E4B7C5A-6DBC-4DBE-A956-2AA7369822EA}.Release|Any CPU.Build.0 = Release|Any CPU
		{78244115-1F2E-47A4-8AFF-7DF381A57DB8}.Debug|Any CPU.ActiveCfg = Debug|Any CPU
		{78244115-1F2E-47A4-8AFF-7DF381A57DB8}.Debug|Any CPU.Build.0 = Debug|Any CPU
		{78244115-1F2E-47A4-8AFF-7DF381A57DB8}.Release|Any CPU.ActiveCfg = Release|Any CPU
		{78244115-1F2E-47A4-8AFF-7DF381A57DB8}.Release|Any CPU.Build.0 = Release|Any CPU
	EndGlobalSection
	GlobalSection(SolutionProperties) = preSolution
		HideSolutionNode = FALSE
	EndGlobalSection
	GlobalSection(ExtensibilityGlobals) = postSolution
		SolutionGuid = {7CFDE205-8DD0-40D6-8EEC-0259FB0297DE}
	EndGlobalSection
EndGlobal
